// !$*UTF8*$!
{
	archiveVersion = 1;
	classes = {
	};
	objectVersion = 46;
	objects = {

/* Begin PBXBuildFile section */
		A71077DA1D826EA500BCB48F /* AppDelegate.swift in Sources */ = {isa = PBXBuildFile; fileRef = A71077D91D826EA500BCB48F /* AppDelegate.swift */; };
		A71077DC1D826EA500BCB48F /* ViewController.swift in Sources */ = {isa = PBXBuildFile; fileRef = A71077DB1D826EA500BCB48F /* ViewController.swift */; };
		A71077DF1D826EA500BCB48F /* Main.storyboard in Resources */ = {isa = PBXBuildFile; fileRef = A71077DD1D826EA500BCB48F /* Main.storyboard */; };
		A71077E11D826EA500BCB48F /* Assets.xcassets in Resources */ = {isa = PBXBuildFile; fileRef = A71077E01D826EA500BCB48F /* Assets.xcassets */; };
		A71077E41D826EA500BCB48F /* LaunchScreen.storyboard in Resources */ = {isa = PBXBuildFile; fileRef = A71077E21D826EA500BCB48F /* LaunchScreen.storyboard */; };
		A71077EC1D826EBC00BCB48F /* Datos.swift in Sources */ = {isa = PBXBuildFile; fileRef = A71077EB1D826EBC00BCB48F /* Datos.swift */; };
/* End PBXBuildFile section */

/* Begin PBXFileReference section */
		A71077D61D826EA500BCB48F /* PaisesYHamburguesas.app */ = {isa = PBXFileReference; explicitFileType = wrapper.application; includeInIndex = 0; path = PaisesYHamburguesas.app; sourceTree = BUILT_PRODUCTS_DIR; };
		A71077D91D826EA500BCB48F /* AppDelegate.swift */ = {isa = PBXFileReference; lastKnownFileType = sourcecode.swift; path = AppDelegate.swift; sourceTree = "<group>"; };
		A71077DB1D826EA500BCB48F /* ViewController.swift */ = {isa = PBXFileReference; lastKnownFileType = sourcecode.swift; path = ViewController.swift; sourceTree = "<group>"; };
		A71077DE1D826EA500BCB48F /* Base */ = {isa = PBXFileReference; lastKnownFileType = file.storyboard; name = Base; path = Base.lproj/Main.storyboard; sourceTree = "<group>"; };
		A71077E01D826EA500BCB48F /* Assets.xcassets */ = {isa = PBXFileReference; lastKnownFileType = folder.assetcatalog; path = Assets.xcassets; sourceTree = "<group>"; };
		A71077E31D826EA500BCB48F /* Base */ = {isa = PBXFileReference; lastKnownFileType = file.storyboard; name = Base; path = Base.lproj/LaunchScreen.storyboard; sourceTree = "<group>"; };
		A71077E51D826EA500BCB48F /* Info.plist */ = {isa = PBXFileReference; lastKnownFileType = text.plist.xml; path = Info.plist; sourceTree = "<group>"; };
		A71077EB1D826EBC00BCB48F /* Datos.swift */ = {isa = PBXFileReference; fileEncoding = 4; lastKnownFileType = sourcecode.swift; path = Datos.swift; sourceTree = "<group>"; };
/* End PBXFileReference section */

/* Begin PBXFrameworksBuildPhase section */
		A71077D31D826EA500BCB48F /* Frameworks */ = {
			isa = PBXFrameworksBuildPhase;
			buildActionMask = 2147483647;
			files = (
			);
			runOnlyForDeploymentPostprocessing = 0;
		};
/* End PBXFrameworksBuildPhase section */

/* Begin PBXGroup section */
		A71077CD1D826EA500BCB48F = {
			isa = PBXGroup;
			children = (
				A71077D81D826EA500BCB48F /* PaisesYHamburguesas */,
				A71077D71D826EA500BCB48F /* Products */,
			);
			sourceTree = "<group>";
		};
		A71077D71D826EA500BCB48F /* Products */ = {
			isa = PBXGroup;
			children = (
				A71077D61D826EA500BCB48F /* PaisesYHamburguesas.app */,
			);
			name = Products;
			sourceTree = "<group>";
		};
		A71077D81D826EA500BCB48F /* PaisesYHamburguesas */ = {
			isa = PBXGroup;
			children = (
				A71077D91D826EA500BCB48F /* AppDelegate.swift */,
				A71077DB1D826EA500BCB48F /* ViewController.swift */,
				A71077DD1D826EA500BCB48F /* Main.storyboard */,
				A71077E01D826EA500BCB48F /* Assets.xcassets */,
				A71077E21D826EA500BCB48F /* LaunchScreen.storyboard */,
				A71077E51D826EA500BCB48F /* Info.plist */,
				A71077EB1D826EBC00BCB48F /* Datos.swift */,
			);
			path = PaisesYHamburguesas;
			sourceTree = "<group>";
		};
/* End PBXGroup section */

/* Begin PBXNativeTarget section */
		A71077D51D826EA500BCB48F /* PaisesYHamburguesas */ = {
			isa = PBXNativeTarget;
			buildConfigurationList = A71077E81D826EA500BCB48F /* Build configuration list for PBXNativeTarget "PaisesYHamburguesas" */;
			buildPhases = (
				A71077D21D826EA500BCB48F /* Sources */,
				A71077D31D826EA500BCB48F /* Frameworks */,
				A71077D41D826EA500BCB48F /* Resources */,
			);
			buildRules = (
			);
			dependencies = (
			);
			name = PaisesYHamburguesas;
			productName = PaisesYHamburguesas;
			productReference = A71077D61D826EA500BCB48F /* PaisesYHamburguesas.app */;
			productType = "com.apple.product-type.application";
		};
/* End PBXNativeTarget section */

/* Begin PBXProject section */
		A71077CE1D826EA500BCB48F /* Project object */ = {
			isa = PBXProject;
			attributes = {
				LastSwiftUpdateCheck = 0730;
				LastUpgradeCheck = 0730;
				ORGANIZATIONNAME = "Erick Rodríguez Ramos";
				TargetAttributes = {
					A71077D51D826EA500BCB48F = {
						CreatedOnToolsVersion = 7.3.1;
					};
				};
			};
			buildConfigurationList = A71077D11D826EA500BCB48F /* Build configuration list for PBXProject "PaisesYHamburguesas" */;
			compatibilityVersion = "Xcode 3.2";
			developmentRegion = English;
			hasScannedForEncodings = 0;
			knownRegions = (
				en,
				Base,
			);
			mainGroup = A71077CD1D826EA500BCB48F;
			productRefGroup = A71077D71D826EA500BCB48F /* Products */;
			projectDirPath = "";
			projectRoot = "";
			targets = (
				A71077D51D826EA500BCB48F /* PaisesYHamburguesas */,
			);
		};
/* End PBXProject section */

/* Begin PBXResourcesBuildPhase section */
		A71077D41D826EA500BCB48F /* Resources */ = {
			isa = PBXResourcesBuildPhase;
			buildActionMask = 2147483647;
			files = (
				A71077E41D826EA500BCB48F /* LaunchScreen.storyboard in Resources */,
				A71077E11D826EA500BCB48F /* Assets.xcassets in Resources */,
				A71077DF1D826EA500BCB48F /* Main.storyboard in Resources */,
			);
			runOnlyForDeploymentPostprocessing = 0;
		};
/* End PBXResourcesBuildPhase section */

/* Begin PBXSourcesBuildPhase section */
		A71077D21D826EA500BCB48F /* Sources */ = {
			isa = PBXSourcesBuildPhase;
			buildActionMask = 2147483647;
			files = (
				A71077DC1D826EA500BCB48F /* ViewController.swift in Sources */,
				A71077DA1D826EA500BCB48F /* AppDelegate.swift in Sources */,
				A71077EC1D826EBC00BCB48F /* Datos.swift in Sources */,
			);
			runOnlyForDeploymentPostprocessing = 0;
		};
/* End PBXSourcesBuildPhase section */

/* Begin PBXVariantGroup section */
		A71077DD1D826EA500BCB48F /* Main.storyboard */ = {
			isa = PBXVariantGroup;
			children = (
				A71077DE1D826EA500BCB48F /* Base */,
			);
			name = Main.storyboard;
			sourceTree = "<group>";
		};
		A71077E21D826EA500BCB48F /* LaunchScreen.storyboard */ = {
			isa = PBXVariantGroup;
			children = (
				A71077E31D826EA500BCB48F /* Base */,
			);
			name = LaunchScreen.storyboard;
			sourceTree = "<group>";
		};
/* End PBXVariantGroup section */

/* Begin XCBuildConfiguration section */
		A71077E61D826EA500BCB48F /* Debug */ = {
			isa = XCBuildConfiguration;
			buildSettings = {
				ALWAYS_SEARCH_USER_PATHS = NO;
				CLANG_ANALYZER_NONNULL = YES;
				CLANG_CXX_LANGUAGE_STANDARD = "gnu++0x";
				CLANG_CXX_LIBRARY = "libc++";
				CLANG_ENABLE_MODULES = YES;
				CLANG_ENABLE_OBJC_ARC = YES;
				CLANG_WARN_BOOL_CONVERSION = YES;
				CLANG_WARN_CONSTANT_CONVERSION = YES;
				CLANG_WARN_DIRECT_OBJC_ISA_USAGE = YES_ERROR;
				CLANG_WARN_EMPTY_BODY = YES;
				CLANG_WARN_ENUM_CONVERSION = YES;
				CLANG_WARN_INT_CONVERSION = YES;
				CLANG_WARN_OBJC_ROOT_CLASS = YES_ERROR;
				CLANG_WARN_UNREACHABLE_CODE = YES;
				CLANG_WARN__DUPLICATE_METHOD_MATCH = YES;
				"CODE_SIGN_IDENTITY[sdk=iphoneos*]" = "iPhone Developer";
				COPY_PHASE_STRIP = NO;
				DEBUG_INFORMATION_FORMAT = dwarf;
				ENABLE_STRICT_OBJC_MSGSEND = YES;
				ENABLE_TESTABILITY = YES;
				GCC_C_LANGUAGE_STANDARD = gnu99;
				GCC_DYNAMIC_NO_PIC = NO;
				GCC_NO_COMMON_BLOCKS = YES;
				GCC_OPTIMIZATION_LEVEL = 0;
				GCC_PREPROCESSOR_DEFINITIONS = (
					"DEBUG=1",
					"$(inherited)",
				);
				GCC_WARN_64_TO_32_BIT_CONVERSION = YES;
				GCC_WARN_ABOUT_RETURN_TYPE = YES_ERROR;
				GCC_WARN_UNDECLARED_SELECTOR = YES;
				GCC_WARN_UNINITIALIZED_AUTOS = YES_AGGRESSIVE;
				GCC_WARN_UNUSED_FUNCTION = YES;
				GCC_WARN_UNUSED_VARIABLE = YES;
				IPHONEOS_DEPLOYMENT_TARGET = 9.3;
				MTL_ENABLE_DEBUG_INFO = YES;
				ONLY_ACTIVE_ARCH = YES;
				SDKROOT = iphoneos;
				SWIFT_OPTIMIZATION_LEVEL = "-Onone";
			};
			name = Debug;
		};
		A71077E71D826EA500BCB48F /* Release */ = {
			isa = XCBuildConfiguration;
			buildSettings = {
				ALWAYS_SEARCH_USER_PATHS = NO;
				CLANG_ANALYZER_NONNULL = YES;
				CLANG_CXX_LANGUAGE_STANDARD = "gnu++0x";
				CLANG_CXX_LIBRARY = "libc++";
				CLANG_ENABLE_MODULES = YES;
				CLANG_ENABLE_OBJC_ARC = YES;
				CLANG_WARN_BOOL_CONVERSION = YES;
				CLANG_WARN_CONSTANT_CONVERSION = YES;
				CLANG_WARN_DIRECT_OBJC_ISA_USAGE = YES_ERROR;
				CLANG_WARN_EMPTY_BODY = YES;
				CLANG_WARN_ENUM_CONVERSION = YES;
				CLANG_WARN_INT_CONVERSION = YES;
				CLANG_WARN_OBJC_ROOT_CLASS = YES_ERROR;
				CLANG_WARN_UNREACHABLE_CODE = YES;
				CLANG_WARN__DUPLICATE_METHOD_MATCH = YES;
				"CODE_SIGN_IDENTITY[sdk=iphoneos*]" = "iPhone Developer";
				COPY_PHASE_STRIP = NO;
				DEBUG_INFORMATION_FORMAT = "dwarf-with-dsym";
				ENABLE_NS_ASSERTIONS = NO;
				ENABLE_STRICT_OBJC_MSGSEND = YES;
				GCC_C_LANGUAGE_STANDARD = gnu99;
				GCC_NO_COMMON_BLOCKS = YES;
				GCC_WARN_64_TO_32_BIT_CONVERSION = YES;
				GCC_WARN_ABOUT_RETURN_TYPE = YES_ERROR;
				GCC_WARN_UNDECLARED_SELECTOR = YES;
				GCC_WARN_UNINITIALIZED_AUTOS = YES_AGGRESSIVE;
				GCC_WARN_UNUSED_FUNCTION = YES;
				GCC_WARN_UNUSED_VARIABLE = YES;
				IPHONEOS_DEPLOYMENT_TARGET = 9.3;
				MTL_ENABLE_DEBUG_INFO = NO;
				SDKROOT = iphoneos;
				VALIDATE_PRODUCT = YES;
			};
			name = Release;
		};
		A71077E91D826EA500BCB48F /* Debug */ = {
			isa = XCBuildConfiguration;
			buildSettings = {
				ASSETCATALOG_COMPILER_APPICON_NAME = AppIcon;
				INFOPLIST_FILE = PaisesYHamburguesas/Info.plist;
				LD_RUNPATH_SEARCH_PATHS = "$(inherited) @executable_path/Frameworks";
				PRODUCT_BUNDLE_IDENTIFIER = mx.x.PaisesYHamburguesas;
				PRODUCT_NAME = "$(TARGET_NAME)";
			};
			name = Debug;
		};
		A71077EA1D826EA500BCB48F /* Release */ = {
			isa = XCBuildConfiguration;
			buildSettings = {
				ASSETCATALOG_COMPILER_APPICON_NAME = AppIcon;
				INFOPLIST_FILE = PaisesYHamburguesas/Info.plist;
				LD_RUNPATH_SEARCH_PATHS = "$(inherited) @executable_path/Frameworks";
				PRODUCT_BUNDLE_IDENTIFIER = mx.x.PaisesYHamburguesas;
				PRODUCT_NAME = "$(TARGET_NAME)";
			};
			name = Release;
		};
/* End XCBuildConfiguration section */

/* Begin XCConfigurationList section */
		A71077D11D826EA500BCB48F /* Build configuration list for PBXProject "PaisesYHamburguesas" */ = {
			isa = XCConfigurationList;
			buildConfigurations = (
				A71077E61D826EA500BCB48F /* Debug */,
				A71077E71D826EA500BCB48F /* Release */,
			);
			defaultConfigurationIsVisible = 0;
			defaultConfigurationName = Release;
		};
		A71077E81D826EA500BCB48F /* Build configuration list for PBXNativeTarget "PaisesYHamburguesas" */ = {
			isa = XCConfigurationList;
			buildConfigurations = (
				A71077E91D826EA500BCB48F /* Debug */,
				A71077EA1D826EA500BCB48F /* Release */,
			);
			defaultConfigurationIsVisible = 0;
		};
/* End XCConfigurationList section */
	};
	rootObject = A71077CE1D826EA500BCB48F /* Project object */;
}
